<?xml version="1.0" encoding="UTF-8" standalone="yes" ?>
<CodeBlocks_project_file>
	<FileVersion major="1" minor="6" />
	<Project>
		<Option title="OpenGLProject2" />
		<Option pch_mode="2" />
		<Option compiler="gcc" />
		<Build>
			<Target title="Debug Win32">
				<Option output="OpenGLProject2" prefix_auto="1" extension_auto="1" />
				<Option type="0" />
				<Option compiler="gcc" />
				<Compiler>
					<Add directory="$(SolutionDir)/Libs/glew/include" />
					<Add directory="$(SolutionDir)/Libs/glm" />
					<Add directory="$(SolutionDir)/Libs/SFML/include" />
				</Compiler>
				<Linker>
					<Add library="opengl32.lib" />
					<Add library="glew32.lib" />
					<Add library="sfml-graphics-d.lib" />
					<Add library="sfml-window-d.lib" />
					<Add library="sfml-audio-d.lib" />
					<Add library="sfml-network-d.lib" />
					<Add library="sfml-system-d.lib" />
					<Add directory="$(SolutionDir)/Libs/glew/lib/Release/Win32" />
					<Add directory="$(SolutionDir)/Libs/SFML/lib" />
				</Linker>
			</Target>
			<Target title="Debug x64">
				<Option output="OpenGLProject2" prefix_auto="1" extension_auto="1" />
				<Option type="0" />
				<Option compiler="gcc" />
				<Compiler>
					<Add directory="$(SolutionDir)/Libs/glew/include" />
					<Add directory="$(SolutionDir)/Libs/glm" />
					<Add directory="$(SolutionDir)/Libs/SFML/include" />
				</Compiler>
				<Linker>
					<Add library="opengl32.lib" />
					<Add library="glew32.lib" />
					<Add library="sfml-graphics-d.lib" />
					<Add library="sfml-window-d.lib" />
					<Add library="sfml-audio-d.lib" />
					<Add library="sfml-network-d.lib" />
					<Add library="sfml-system-d.lib" />
					<Add directory="$(SolutionDir)/Libs/glew/lib/Release/Win32" />
					<Add directory="$(SolutionDir)/Libs/SFML/lib" />
				</Linker>
			</Target>
			<Target title="Release x64">
				<Option output="OpenGLProject2" prefix_auto="1" extension_auto="1" />
				<Option type="0" />
				<Option compiler="gcc" />
				<Compiler>
					<Add directory="$(SolutionDir)/Libs/glew/include" />
					<Add directory="$(SolutionDir)/Libs/glm" />
					<Add directory="$(SolutionDir)/Libs/SFML/include" />
				</Compiler>
				<Linker>
					<Add library="opengl32.lib" />
					<Add library="glew32.lib" />
					<Add library="sfml-graphics-d.lib" />
					<Add library="sfml-window-d.lib" />
					<Add library="sfml-audio-d.lib" />
					<Add library="sfml-network-d.lib" />
					<Add library="sfml-system-d.lib" />
					<Add directory="$(SolutionDir)/Libs/glew/lib/Release/Win32" />
					<Add directory="$(SolutionDir)/Libs/SFML/lib" />
				</Linker>
			</Target>
			<Target title="Release Win32">
				<Option output="OpenGLProject2" prefix_auto="1" extension_auto="1" />
				<Option type="0" />
				<Option compiler="gcc" />
				<Compiler>
					<Add directory="$(SolutionDir)/Libs/glew/include" />
					<Add directory="$(SolutionDir)/Libs/glm" />
					<Add directory="$(SolutionDir)/Libs/SFML/include" />
				</Compiler>
				<Linker>
					<Add library="opengl32.lib" />
					<Add library="glew32.lib" />
					<Add library="sfml-graphics-d.lib" />
					<Add library="sfml-window-d.lib" />
					<Add library="sfml-audio-d.lib" />
					<Add library="sfml-network-d.lib" />
					<Add library="sfml-system-d.lib" />
					<Add directory="$(SolutionDir)/Libs/glew/lib/Release/Win32" />
					<Add directory="$(SolutionDir)/Libs/SFML/lib" />
				</Linker>
			</Target>
		</Build>
		<Compiler>
			<Add directory="E:/Code-Blocks/SFML-2.4.1-windows-gcc-4.9.2-tdm-32-bit/SFML-2.4.1/include" />
		</Compiler>
		<Linker>
			<Add library="glew32s" />
			<Add library="glu32" />
			<Add library="opengl32" />
			<Add directory="E:/Code-Blocks/SFML-2.4.1-windows-gcc-4.9.2-tdm-32-bit/SFML-2.4.1/lib" />
			<Add directory="E:/Code-Blocks/glew-2.0.0-win32/glew-2.0.0/lib/Release/Win32" />
		</Linker>
		<Unit filename="D:/Users/Chris/D-Drive-Downloads/HopsonCraft-master/Source/Application.cpp" />
		<Unit filename="D:/Users/Chris/D-Drive-Downloads/HopsonCraft-master/Source/Application.h" />
		<Unit filename="D:/Users/Chris/D-Drive-Downloads/HopsonCraft-master/Source/Body.cpp" />
		<Unit filename="D:/Users/Chris/D-Drive-Downloads/HopsonCraft-master/Source/Body.h" />
		<Unit filename="D:/Users/Chris/D-Drive-Downloads/HopsonCraft-master/Source/Camera.cpp" />
		<Unit filename="D:/Users/Chris/D-Drive-Downloads/HopsonCraft-master/Source/Camera.h" />
		<Unit filename="D:/Users/Chris/D-Drive-Downloads/HopsonCraft-master/Source/Display.cpp" />
		<Unit filename="D:/Users/Chris/D-Drive-Downloads/HopsonCraft-master/Source/Display.h" />
		<Unit filename="D:/Users/Chris/D-Drive-Downloads/HopsonCraft-master/Source/Entity.h" />
		<Unit filename="D:/Users/Chris/D-Drive-Downloads/HopsonCraft-master/Source/File/Loadable.h" />
		<Unit filename="D:/Users/Chris/D-Drive-Downloads/HopsonCraft-master/Source/GUI/Background.cpp" />
		<Unit filename="D:/Users/Chris/D-Drive-Downloads/HopsonCraft-master/Source/GUI/Background.h" />
		<Unit filename="D:/Users/Chris/D-Drive-Downloads/HopsonCraft-master/Source/GUI/Button.cpp" />
		<Unit filename="D:/Users/Chris/D-Drive-Downloads/HopsonCraft-master/Source/GUI/Button.h" />
		<Unit filename="D:/Users/Chris/D-Drive-Downloads/HopsonCraft-master/Source/GUI/Component.cpp" />
		<Unit filename="D:/Users/Chris/D-Drive-Downloads/HopsonCraft-master/Source/GUI/Component.h" />
		<Unit filename="D:/Users/Chris/D-Drive-Downloads/HopsonCraft-master/Source/GUI/Dropdown.cpp" />
		<Unit filename="D:/Users/Chris/D-Drive-Downloads/HopsonCraft-master/Source/GUI/Dropdown.h" />
		<Unit filename="D:/Users/Chris/D-Drive-Downloads/HopsonCraft-master/Source/GUI/GUI.h" />
		<Unit filename="D:/Users/Chris/D-Drive-Downloads/HopsonCraft-master/Source/GUI/Image.cpp" />
		<Unit filename="D:/Users/Chris/D-Drive-Downloads/HopsonCraft-master/Source/GUI/Image.h" />
		<Unit filename="D:/Users/Chris/D-Drive-Downloads/HopsonCraft-master/Source/GUI/Imaged_Button.cpp" />
		<Unit filename="D:/Users/Chris/D-Drive-Downloads/HopsonCraft-master/Source/GUI/Imaged_Button.h" />
		<Unit filename="D:/Users/Chris/D-Drive-Downloads/HopsonCraft-master/Source/GUI/Panel.cpp" />
		<Unit filename="D:/Users/Chris/D-Drive-Downloads/HopsonCraft-master/Source/GUI/Panel.h" />
		<Unit filename="D:/Users/Chris/D-Drive-Downloads/HopsonCraft-master/Source/GUI/Text_Box.cpp" />
		<Unit filename="D:/Users/Chris/D-Drive-Downloads/HopsonCraft-master/Source/GUI/Text_Box.h" />
		<Unit filename="D:/Users/Chris/D-Drive-Downloads/HopsonCraft-master/Source/GUI/Toggle_Option_Button.h" />
		<Unit filename="D:/Users/Chris/D-Drive-Downloads/HopsonCraft-master/Source/Glm_Common.h" />
		<Unit filename="D:/Users/Chris/D-Drive-Downloads/HopsonCraft-master/Source/HUD/Crosshair.cpp" />
		<Unit filename="D:/Users/Chris/D-Drive-Downloads/HopsonCraft-master/Source/HUD/Crosshair.h" />
		<Unit filename="D:/Users/Chris/D-Drive-Downloads/HopsonCraft-master/Source/HUD/Debug.cpp" />
		<Unit filename="D:/Users/Chris/D-Drive-Downloads/HopsonCraft-master/Source/HUD/Debug.h" />
		<Unit filename="D:/Users/Chris/D-Drive-Downloads/HopsonCraft-master/Source/HUD/HUD.h" />
		<Unit filename="D:/Users/Chris/D-Drive-Downloads/HopsonCraft-master/Source/HUD/Vignette.cpp" />
		<Unit filename="D:/Users/Chris/D-Drive-Downloads/HopsonCraft-master/Source/HUD/Vignette.h" />
		<Unit filename="D:/Users/Chris/D-Drive-Downloads/HopsonCraft-master/Source/Input/Function_Toggle_Key.cpp" />
		<Unit filename="D:/Users/Chris/D-Drive-Downloads/HopsonCraft-master/Source/Input/Function_Toggle_Key.h" />
		<Unit filename="D:/Users/Chris/D-Drive-Downloads/HopsonCraft-master/Source/Input/Key_Binds.cpp" />
		<Unit filename="D:/Users/Chris/D-Drive-Downloads/HopsonCraft-master/Source/Input/Key_Binds.h" />
		<Unit filename="D:/Users/Chris/D-Drive-Downloads/HopsonCraft-master/Source/Main.cpp" />
		<Unit filename="D:/Users/Chris/D-Drive-Downloads/HopsonCraft-master/Source/Maths/Frustum.cpp" />
		<Unit filename="D:/Users/Chris/D-Drive-Downloads/HopsonCraft-master/Source/Maths/Frustum.h" />
		<Unit filename="D:/Users/Chris/D-Drive-Downloads/HopsonCraft-master/Source/Maths/General_Maths.cpp" />
		<Unit filename="D:/Users/Chris/D-Drive-Downloads/HopsonCraft-master/Source/Maths/General_Maths.h" />
		<Unit filename="D:/Users/Chris/D-Drive-Downloads/HopsonCraft-master/Source/Maths/Matrix_Maths.cpp" />
		<Unit filename="D:/Users/Chris/D-Drive-Downloads/HopsonCraft-master/Source/Maths/Matrix_Maths.h" />
		<Unit filename="D:/Users/Chris/D-Drive-Downloads/HopsonCraft-master/Source/Maths/Plane.h" />
		<Unit filename="D:/Users/Chris/D-Drive-Downloads/HopsonCraft-master/Source/Maths/Position_Conversion.cpp" />
		<Unit filename="D:/Users/Chris/D-Drive-Downloads/HopsonCraft-master/Source/Maths/Position_Conversion.h" />
		<Unit filename="D:/Users/Chris/D-Drive-Downloads/HopsonCraft-master/Source/Model.cpp" />
		<Unit filename="D:/Users/Chris/D-Drive-Downloads/HopsonCraft-master/Source/Model.h" />
		<Unit filename="D:/Users/Chris/D-Drive-Downloads/HopsonCraft-master/Source/Model_Coords.cpp" />
		<Unit filename="D:/Users/Chris/D-Drive-Downloads/HopsonCraft-master/Source/Model_Coords.h" />
		<Unit filename="D:/Users/Chris/D-Drive-Downloads/HopsonCraft-master/Source/Music_Player.cpp" />
		<Unit filename="D:/Users/Chris/D-Drive-Downloads/HopsonCraft-master/Source/Music_Player.h" />
		<Unit filename="D:/Users/Chris/D-Drive-Downloads/HopsonCraft-master/Source/Physics/AABB.cpp" />
		<Unit filename="D:/Users/Chris/D-Drive-Downloads/HopsonCraft-master/Source/Physics/AABB.h" />
		<Unit filename="D:/Users/Chris/D-Drive-Downloads/HopsonCraft-master/Source/Physics/Ray.cpp" />
		<Unit filename="D:/Users/Chris/D-Drive-Downloads/HopsonCraft-master/Source/Physics/Ray.h" />
		<Unit filename="D:/Users/Chris/D-Drive-Downloads/HopsonCraft-master/Source/Player/Player.cpp" />
		<Unit filename="D:/Users/Chris/D-Drive-Downloads/HopsonCraft-master/Source/Player/Player.h" />
		<Unit filename="D:/Users/Chris/D-Drive-Downloads/HopsonCraft-master/Source/Player/Player_Input.cpp" />
		<Unit filename="D:/Users/Chris/D-Drive-Downloads/HopsonCraft-master/Source/Renderer/RFlora.cpp" />
		<Unit filename="D:/Users/Chris/D-Drive-Downloads/HopsonCraft-master/Source/Renderer/RFlora.h" />
		<Unit filename="D:/Users/Chris/D-Drive-Downloads/HopsonCraft-master/Source/Renderer/RHit_Box.cpp" />
		<Unit filename="D:/Users/Chris/D-Drive-Downloads/HopsonCraft-master/Source/Renderer/RHit_Box.h" />
		<Unit filename="D:/Users/Chris/D-Drive-Downloads/HopsonCraft-master/Source/Renderer/RInfo.h" />
		<Unit filename="D:/Users/Chris/D-Drive-Downloads/HopsonCraft-master/Source/Renderer/RLiquid.cpp" />
		<Unit filename="D:/Users/Chris/D-Drive-Downloads/HopsonCraft-master/Source/Renderer/RLiquid.h" />
		<Unit filename="D:/Users/Chris/D-Drive-Downloads/HopsonCraft-master/Source/Renderer/RMaster.cpp" />
		<Unit filename="D:/Users/Chris/D-Drive-Downloads/HopsonCraft-master/Source/Renderer/RMaster.h" />
		<Unit filename="D:/Users/Chris/D-Drive-Downloads/HopsonCraft-master/Source/Renderer/RSFML.cpp" />
		<Unit filename="D:/Users/Chris/D-Drive-Downloads/HopsonCraft-master/Source/Renderer/RSFML.h" />
		<Unit filename="D:/Users/Chris/D-Drive-Downloads/HopsonCraft-master/Source/Renderer/RSimple.cpp" />
		<Unit filename="D:/Users/Chris/D-Drive-Downloads/HopsonCraft-master/Source/Renderer/RSimple.h" />
		<Unit filename="D:/Users/Chris/D-Drive-Downloads/HopsonCraft-master/Source/Renderer/RSolid.cpp" />
		<Unit filename="D:/Users/Chris/D-Drive-Downloads/HopsonCraft-master/Source/Renderer/RSolid.h" />
		<Unit filename="D:/Users/Chris/D-Drive-Downloads/HopsonCraft-master/Source/Resource_Managers/Resource_Holder.cpp" />
		<Unit filename="D:/Users/Chris/D-Drive-Downloads/HopsonCraft-master/Source/Resource_Managers/Resource_Holder.h" />
		<Unit filename="D:/Users/Chris/D-Drive-Downloads/HopsonCraft-master/Source/Resource_Managers/Resource_Manager.h" />
		<Unit filename="D:/Users/Chris/D-Drive-Downloads/HopsonCraft-master/Source/Shaders/Chunk_Shader.cpp" />
		<Unit filename="D:/Users/Chris/D-Drive-Downloads/HopsonCraft-master/Source/Shaders/Chunk_Shader.h" />
		<Unit filename="D:/Users/Chris/D-Drive-Downloads/HopsonCraft-master/Source/Shaders/Shader_Loader.cpp" />
		<Unit filename="D:/Users/Chris/D-Drive-Downloads/HopsonCraft-master/Source/Shaders/Shader_Loader.h" />
		<Unit filename="D:/Users/Chris/D-Drive-Downloads/HopsonCraft-master/Source/Shaders/Shader_Program.cpp" />
		<Unit filename="D:/Users/Chris/D-Drive-Downloads/HopsonCraft-master/Source/Shaders/Shader_Program.h" />
		<Unit filename="D:/Users/Chris/D-Drive-Downloads/HopsonCraft-master/Source/Shaders/Simple_Shader.cpp" />
		<Unit filename="D:/Users/Chris/D-Drive-Downloads/HopsonCraft-master/Source/Shaders/Simple_Shader.h" />
		<Unit filename="D:/Users/Chris/D-Drive-Downloads/HopsonCraft-master/Source/States/Game_State.cpp" />
		<Unit filename="D:/Users/Chris/D-Drive-Downloads/HopsonCraft-master/Source/States/Game_State.h" />
		<Unit filename="D:/Users/Chris/D-Drive-Downloads/HopsonCraft-master/Source/States/SMain_Menu.cpp" />
		<Unit filename="D:/Users/Chris/D-Drive-Downloads/HopsonCraft-master/Source/States/SMain_Menu.h" />
		<Unit filename="D:/Users/Chris/D-Drive-Downloads/HopsonCraft-master/Source/States/SPlaying.cpp" />
		<Unit filename="D:/Users/Chris/D-Drive-Downloads/HopsonCraft-master/Source/States/SPlaying.h" />
		<Unit filename="D:/Users/Chris/D-Drive-Downloads/HopsonCraft-master/Source/States/SSettings_Menu.cpp" />
		<Unit filename="D:/Users/Chris/D-Drive-Downloads/HopsonCraft-master/Source/States/SSettings_Menu.h" />
		<Unit filename="D:/Users/Chris/D-Drive-Downloads/HopsonCraft-master/Source/Temp/Noise_Generator.cpp" />
		<Unit filename="D:/Users/Chris/D-Drive-Downloads/HopsonCraft-master/Source/Temp/Noise_Generator.h" />
		<Unit filename="D:/Users/Chris/D-Drive-Downloads/HopsonCraft-master/Source/Temp/Quad.cpp" />
		<Unit filename="D:/Users/Chris/D-Drive-Downloads/HopsonCraft-master/Source/Temp/Quad.h" />
		<Unit filename="D:/Users/Chris/D-Drive-Downloads/HopsonCraft-master/Source/Texture/Cube_Map.cpp" />
		<Unit filename="D:/Users/Chris/D-Drive-Downloads/HopsonCraft-master/Source/Texture/Cube_Map.h" />
		<Unit filename="D:/Users/Chris/D-Drive-Downloads/HopsonCraft-master/Source/Texture/Texture.cpp" />
		<Unit filename="D:/Users/Chris/D-Drive-Downloads/HopsonCraft-master/Source/Texture/Texture.h" />
		<Unit filename="D:/Users/Chris/D-Drive-Downloads/HopsonCraft-master/Source/Texture/Texture_Atlas.cpp" />
		<Unit filename="D:/Users/Chris/D-Drive-Downloads/HopsonCraft-master/Source/Texture/Texture_Atlas.h" />
		<Unit filename="D:/Users/Chris/D-Drive-Downloads/HopsonCraft-master/Source/Util/Array2D.h" />
		<Unit filename="D:/Users/Chris/D-Drive-Downloads/HopsonCraft-master/Source/Util/Array3D.h" />
		<Unit filename="D:/Users/Chris/D-Drive-Downloads/HopsonCraft-master/Source/Util/Config.cpp" />
		<Unit filename="D:/Users/Chris/D-Drive-Downloads/HopsonCraft-master/Source/Util/Config.h" />
		<Unit filename="D:/Users/Chris/D-Drive-Downloads/HopsonCraft-master/Source/Util/ConfigParser.cpp" />
		<Unit filename="D:/Users/Chris/D-Drive-Downloads/HopsonCraft-master/Source/Util/ConfigParser.h" />
		<Unit filename="D:/Users/Chris/D-Drive-Downloads/HopsonCraft-master/Source/Util/File_Util.cpp" />
		<Unit filename="D:/Users/Chris/D-Drive-Downloads/HopsonCraft-master/Source/Util/File_Util.h" />
		<Unit filename="D:/Users/Chris/D-Drive-Downloads/HopsonCraft-master/Source/Util/Hasher.h" />
		<Unit filename="D:/Users/Chris/D-Drive-Downloads/HopsonCraft-master/Source/Util/Loader.cpp" />
		<Unit filename="D:/Users/Chris/D-Drive-Downloads/HopsonCraft-master/Source/Util/Loader.h" />
		<Unit filename="D:/Users/Chris/D-Drive-Downloads/HopsonCraft-master/Source/Util/Log.h" />
		<Unit filename="D:/Users/Chris/D-Drive-Downloads/HopsonCraft-master/Source/Util/Random.cpp" />
		<Unit filename="D:/Users/Chris/D-Drive-Downloads/HopsonCraft-master/Source/Util/Random.h" />
		<Unit filename="D:/Users/Chris/D-Drive-Downloads/HopsonCraft-master/Source/Util/STD_Util.cpp" />
		<Unit filename="D:/Users/Chris/D-Drive-Downloads/HopsonCraft-master/Source/Util/STD_Util.h" />
		<Unit filename="D:/Users/Chris/D-Drive-Downloads/HopsonCraft-master/Source/Util/Singleton.h" />
		<Unit filename="D:/Users/Chris/D-Drive-Downloads/HopsonCraft-master/Source/Util/Time_Check.cpp" />
		<Unit filename="D:/Users/Chris/D-Drive-Downloads/HopsonCraft-master/Source/Util/Time_Check.h" />
		<Unit filename="D:/Users/Chris/D-Drive-Downloads/HopsonCraft-master/Source/World/Block/Block_Data.cpp" />
		<Unit filename="D:/Users/Chris/D-Drive-Downloads/HopsonCraft-master/Source/World/Block/Block_Data.h" />
		<Unit filename="D:/Users/Chris/D-Drive-Downloads/HopsonCraft-master/Source/World/Block/Block_Database.cpp" />
		<Unit filename="D:/Users/Chris/D-Drive-Downloads/HopsonCraft-master/Source/World/Block/Block_Database.h" />
		<Unit filename="D:/Users/Chris/D-Drive-Downloads/HopsonCraft-master/Source/World/Block/Block_ID.h" />
		<Unit filename="D:/Users/Chris/D-Drive-Downloads/HopsonCraft-master/Source/World/Block/Block_Position.h" />
		<Unit filename="D:/Users/Chris/D-Drive-Downloads/HopsonCraft-master/Source/World/Block/Block_Types/BDefault.cpp" />
		<Unit filename="D:/Users/Chris/D-Drive-Downloads/HopsonCraft-master/Source/World/Block/Block_Types/BDefault.h" />
		<Unit filename="D:/Users/Chris/D-Drive-Downloads/HopsonCraft-master/Source/World/Block/Block_Types/BPlant.cpp" />
		<Unit filename="D:/Users/Chris/D-Drive-Downloads/HopsonCraft-master/Source/World/Block/Block_Types/BPlant.h" />
		<Unit filename="D:/Users/Chris/D-Drive-Downloads/HopsonCraft-master/Source/World/Block/Block_Types/BWater.cpp" />
		<Unit filename="D:/Users/Chris/D-Drive-Downloads/HopsonCraft-master/Source/World/Block/Block_Types/BWater.h" />
		<Unit filename="D:/Users/Chris/D-Drive-Downloads/HopsonCraft-master/Source/World/Block/Block_Types/Block_Type.cpp" />
		<Unit filename="D:/Users/Chris/D-Drive-Downloads/HopsonCraft-master/Source/World/Block/Block_Types/Block_Type.h" />
		<Unit filename="D:/Users/Chris/D-Drive-Downloads/HopsonCraft-master/Source/World/Block_Editor.cpp" />
		<Unit filename="D:/Users/Chris/D-Drive-Downloads/HopsonCraft-master/Source/World/Block_Editor.h" />
		<Unit filename="D:/Users/Chris/D-Drive-Downloads/HopsonCraft-master/Source/World/Chunk/BoundsCheck.cpp" />
		<Unit filename="D:/Users/Chris/D-Drive-Downloads/HopsonCraft-master/Source/World/Chunk/BoundsCheck.h" />
		<Unit filename="D:/Users/Chris/D-Drive-Downloads/HopsonCraft-master/Source/World/Chunk/Full_Chunk.cpp" />
		<Unit filename="D:/Users/Chris/D-Drive-Downloads/HopsonCraft-master/Source/World/Chunk/Full_Chunk.h" />
		<Unit filename="D:/Users/Chris/D-Drive-Downloads/HopsonCraft-master/Source/World/Chunk/IChunk.h" />
		<Unit filename="D:/Users/Chris/D-Drive-Downloads/HopsonCraft-master/Source/World/Chunk/Map.cpp" />
		<Unit filename="D:/Users/Chris/D-Drive-Downloads/HopsonCraft-master/Source/World/Chunk/Map.h" />
		<Unit filename="D:/Users/Chris/D-Drive-Downloads/HopsonCraft-master/Source/World/Chunk/Mesh.cpp" />
		<Unit filename="D:/Users/Chris/D-Drive-Downloads/HopsonCraft-master/Source/World/Chunk/Mesh.h" />
		<Unit filename="D:/Users/Chris/D-Drive-Downloads/HopsonCraft-master/Source/World/Chunk/Mesh_Builder.cpp" />
		<Unit filename="D:/Users/Chris/D-Drive-Downloads/HopsonCraft-master/Source/World/Chunk/Mesh_Builder.h" />
		<Unit filename="D:/Users/Chris/D-Drive-Downloads/HopsonCraft-master/Source/World/Chunk/Nodes.cpp" />
		<Unit filename="D:/Users/Chris/D-Drive-Downloads/HopsonCraft-master/Source/World/Chunk/Nodes.h" />
		<Unit filename="D:/Users/Chris/D-Drive-Downloads/HopsonCraft-master/Source/World/Chunk/Position.h" />
		<Unit filename="D:/Users/Chris/D-Drive-Downloads/HopsonCraft-master/Source/World/Chunk/Section.cpp" />
		<Unit filename="D:/Users/Chris/D-Drive-Downloads/HopsonCraft-master/Source/World/Chunk/Section.h" />
		<Unit filename="D:/Users/Chris/D-Drive-Downloads/HopsonCraft-master/Source/World/Chunk/Section_GaS.cpp" />
		<Unit filename="D:/Users/Chris/D-Drive-Downloads/HopsonCraft-master/Source/World/Generators/Biome.cpp" />
		<Unit filename="D:/Users/Chris/D-Drive-Downloads/HopsonCraft-master/Source/World/Generators/Biome.h" />
		<Unit filename="D:/Users/Chris/D-Drive-Downloads/HopsonCraft-master/Source/World/Generators/Buildings.cpp" />
		<Unit filename="D:/Users/Chris/D-Drive-Downloads/HopsonCraft-master/Source/World/Generators/Buildings.h" />
		<Unit filename="D:/Users/Chris/D-Drive-Downloads/HopsonCraft-master/Source/World/Generators/Generation_Type.cpp" />
		<Unit filename="D:/Users/Chris/D-Drive-Downloads/HopsonCraft-master/Source/World/Generators/Generation_Type.h" />
		<Unit filename="D:/Users/Chris/D-Drive-Downloads/HopsonCraft-master/Source/World/Generators/Structures.cpp" />
		<Unit filename="D:/Users/Chris/D-Drive-Downloads/HopsonCraft-master/Source/World/Generators/Structures.h" />
		<Unit filename="D:/Users/Chris/D-Drive-Downloads/HopsonCraft-master/Source/World/Generators/Structures_Builder.cpp" />
		<Unit filename="D:/Users/Chris/D-Drive-Downloads/HopsonCraft-master/Source/World/Generators/Structures_Builder.h" />
		<Unit filename="D:/Users/Chris/D-Drive-Downloads/HopsonCraft-master/Source/World/Generators/Terrain_Generator.cpp" />
		<Unit filename="D:/Users/Chris/D-Drive-Downloads/HopsonCraft-master/Source/World/Generators/Terrain_Generator.h" />
		<Unit filename="D:/Users/Chris/D-Drive-Downloads/HopsonCraft-master/Source/World/Generators/Trees.cpp" />
		<Unit filename="D:/Users/Chris/D-Drive-Downloads/HopsonCraft-master/Source/World/Generators/Trees.h" />
		<Unit filename="D:/Users/Chris/D-Drive-Downloads/HopsonCraft-master/Source/World/IBlock_Accessible.h" />
		<Unit filename="D:/Users/Chris/D-Drive-Downloads/HopsonCraft-master/Source/World/World.cpp" />
		<Unit filename="D:/Users/Chris/D-Drive-Downloads/HopsonCraft-master/Source/World/World.h" />
		<Unit filename="D:/Users/Chris/D-Drive-Downloads/HopsonCraft-master/Source/World/World_Constants.h" />
		<Unit filename="D:/Users/Chris/D-Drive-Downloads/HopsonCraft-master/Source/World/World_File.cpp" />
		<Unit filename="D:/Users/Chris/D-Drive-Downloads/HopsonCraft-master/Source/World/World_File.h" />
		<Unit filename="D:/Users/Chris/D-Drive-Downloads/HopsonCraft-master/Source/World/World_Settings.h" />
		<Extensions>
			<code_completion />
			<envvars />
			<debugger />
			<lib_finder disable_auto="1" />
		</Extensions>
	</Project>
</CodeBlocks_project_file>
